PODS:
  - Charts (3.6.0):
    - Charts/Core (= 3.6.0)
  - Charts/Core (3.6.0)
  - Kingfisher (5.15.7):
    - Kingfisher/Core (= 5.15.7)
  - Kingfisher/Core (5.15.7)
  - Koloda (5.0.1):
    - pop (~> 1.0)
  - pop (1.0.12)
  - TinyConstraints (4.0.1)

DEPENDENCIES:
  - Charts
  - Kingfisher
  - Koloda
  - TinyConstraints

SPEC REPOS:
  trunk:
    - Charts
    - Kingfisher
    - Koloda
    - pop
    - TinyConstraints

SPEC CHECKSUMS:
  Charts: b1e3a1f5a1c9ba5394438ca3b91bd8c9076310af
  Kingfisher: 6e1a13523fcb1c86924ce53affe4ac957e544d59
  Koloda: d07b9199a383abc5898b62aa945a599f5e7c0c4b
  pop: d582054913807fd11fd50bfe6a539d91c7e1a55a
  TinyConstraints: 8dd91295e56797648c7bc335dd20e1d91ec4c192

PODFILE CHECKSUM: e9ebc1d9408930b9123c352943d92af30bb60d60

COCOAPODS: 1.9.3
