// !$*UTF8*$!
{
	archiveVersion = 1;
	classes = {
	};
	objectVersion = 51;
	objects = {

/* Begin PBXBuildFile section */
		4B41B8102582B1D700B27A10 /* DashboardViewController.swift in Sources */ = {isa = PBXBuildFile; fileRef = 4B41B80F2582B1D700B27A10 /* DashboardViewController.swift */; };
		4B41B8152582B24D00B27A10 /* MatchingViewController.swift in Sources */ = {isa = PBXBuildFile; fileRef = 4B41B8142582B24D00B27A10 /* MatchingViewController.swift */; };
		4B41B87D2582B5FB00B27A10 /* FakeUserHandler.swift in Sources */ = {isa = PBXBuildFile; fileRef = 4B41B87C2582B5FB00B27A10 /* FakeUserHandler.swift */; };
		5F04AA1925699D7E00454B4F /* AppDelegate.swift in Sources */ = {isa = PBXBuildFile; fileRef = 5F04AA1825699D7E00454B4F /* AppDelegate.swift */; };
		5F04AA1B25699D7E00454B4F /* SceneDelegate.swift in Sources */ = {isa = PBXBuildFile; fileRef = 5F04AA1A25699D7E00454B4F /* SceneDelegate.swift */; };
		5F04AA2025699D7E00454B4F /* Main.storyboard in Resources */ = {isa = PBXBuildFile; fileRef = 5F04AA1E25699D7E00454B4F /* Main.storyboard */; };
		5F04AA2225699D7F00454B4F /* Assets.xcassets in Resources */ = {isa = PBXBuildFile; fileRef = 5F04AA2125699D7F00454B4F /* Assets.xcassets */; };
		5F04AA2525699D7F00454B4F /* LaunchScreen.storyboard in Resources */ = {isa = PBXBuildFile; fileRef = 5F04AA2325699D7F00454B4F /* LaunchScreen.storyboard */; };
		5F04AA3025699D7F00454B4F /* Tinder_HabitTests.swift in Sources */ = {isa = PBXBuildFile; fileRef = 5F04AA2F25699D7F00454B4F /* Tinder_HabitTests.swift */; };
		5F04AA3B25699D7F00454B4F /* Tinder_HabitUITests.swift in Sources */ = {isa = PBXBuildFile; fileRef = 5F04AA3A25699D7F00454B4F /* Tinder_HabitUITests.swift */; };
		5FA9240C257FB46F00E6799B /* UserModel.swift in Sources */ = {isa = PBXBuildFile; fileRef = 5FA9240B257FB46F00E6799B /* UserModel.swift */; };
		5FA9240E257FC19800E6799B /* UserHandler.swift in Sources */ = {isa = PBXBuildFile; fileRef = 5FA9240D257FC19800E6799B /* UserHandler.swift */; };
		5FA9CDBA2571633E00471174 /* LoginViewController.swift in Sources */ = {isa = PBXBuildFile; fileRef = 5FA9CDB92571633E00471174 /* LoginViewController.swift */; };
		5FA9CDBC25716A4900471174 /* GoogleService-Info.plist in Resources */ = {isa = PBXBuildFile; fileRef = 5FA9CDBB25716A4900471174 /* GoogleService-Info.plist */; };
		5FAC4E2D257BDA560034BE1E /* EditNewMeetingController.swift in Sources */ = {isa = PBXBuildFile; fileRef = 5FAC4E2C257BDA560034BE1E /* EditNewMeetingController.swift */; };
		9C3AC79254A2DBD963C321F3 /* Pods_Tinder_Habit_Tinder_HabitUITests.framework in Frameworks */ = {isa = PBXBuildFile; fileRef = 09679A3552191D466F88D3D5 /* Pods_Tinder_Habit_Tinder_HabitUITests.framework */; };
		A0EFE36A67AA3B252AF42A90 /* Pods_Tinder_Habit.framework in Frameworks */ = {isa = PBXBuildFile; fileRef = 134BBF581ACB09C126195179 /* Pods_Tinder_Habit.framework */; };
		D54FFD8DA74922855FBBD22E /* Pods_Tinder_HabitTests.framework in Frameworks */ = {isa = PBXBuildFile; fileRef = B5AF27C820A158B4431B57D5 /* Pods_Tinder_HabitTests.framework */; };
/* End PBXBuildFile section */

/* Begin PBXContainerItemProxy section */
		5F04AA2C25699D7F00454B4F /* PBXContainerItemProxy */ = {
			isa = PBXContainerItemProxy;
			containerPortal = 5F04AA0D25699D7E00454B4F /* Project object */;
			proxyType = 1;
			remoteGlobalIDString = 5F04AA1425699D7E00454B4F;
			remoteInfo = "Tinder-Habit";
		};
		5F04AA3725699D7F00454B4F /* PBXContainerItemProxy */ = {
			isa = PBXContainerItemProxy;
			containerPortal = 5F04AA0D25699D7E00454B4F /* Project object */;
			proxyType = 1;
			remoteGlobalIDString = 5F04AA1425699D7E00454B4F;
			remoteInfo = "Tinder-Habit";
		};
/* End PBXContainerItemProxy section */

/* Begin PBXFileReference section */
		09679A3552191D466F88D3D5 /* Pods_Tinder_Habit_Tinder_HabitUITests.framework */ = {isa = PBXFileReference; explicitFileType = wrapper.framework; includeInIndex = 0; path = Pods_Tinder_Habit_Tinder_HabitUITests.framework; sourceTree = BUILT_PRODUCTS_DIR; };
		134BBF581ACB09C126195179 /* Pods_Tinder_Habit.framework */ = {isa = PBXFileReference; explicitFileType = wrapper.framework; includeInIndex = 0; path = Pods_Tinder_Habit.framework; sourceTree = BUILT_PRODUCTS_DIR; };
		1A9FC8F59F619D2C4F5D22F0 /* Pods-Tinder-Habit-Tinder-HabitUITests.release.xcconfig */ = {isa = PBXFileReference; includeInIndex = 1; lastKnownFileType = text.xcconfig; name = "Pods-Tinder-Habit-Tinder-HabitUITests.release.xcconfig"; path = "Target Support Files/Pods-Tinder-Habit-Tinder-HabitUITests/Pods-Tinder-Habit-Tinder-HabitUITests.release.xcconfig"; sourceTree = "<group>"; };
		474C60815298FF2E8C32EE7F /* Pods-Tinder-HabitTests.release.xcconfig */ = {isa = PBXFileReference; includeInIndex = 1; lastKnownFileType = text.xcconfig; name = "Pods-Tinder-HabitTests.release.xcconfig"; path = "Target Support Files/Pods-Tinder-HabitTests/Pods-Tinder-HabitTests.release.xcconfig"; sourceTree = "<group>"; };
		4B41B80F2582B1D700B27A10 /* DashboardViewController.swift */ = {isa = PBXFileReference; lastKnownFileType = sourcecode.swift; path = DashboardViewController.swift; sourceTree = "<group>"; };
		4B41B8142582B24D00B27A10 /* MatchingViewController.swift */ = {isa = PBXFileReference; lastKnownFileType = sourcecode.swift; path = MatchingViewController.swift; sourceTree = "<group>"; };
		4B41B87C2582B5FB00B27A10 /* FakeUserHandler.swift */ = {isa = PBXFileReference; lastKnownFileType = sourcecode.swift; path = FakeUserHandler.swift; sourceTree = "<group>"; };
		5F04AA1525699D7E00454B4F /* Tinder-Habit.app */ = {isa = PBXFileReference; explicitFileType = wrapper.application; includeInIndex = 0; path = "Tinder-Habit.app"; sourceTree = BUILT_PRODUCTS_DIR; };
		5F04AA1825699D7E00454B4F /* AppDelegate.swift */ = {isa = PBXFileReference; lastKnownFileType = sourcecode.swift; path = AppDelegate.swift; sourceTree = "<group>"; };
		5F04AA1A25699D7E00454B4F /* SceneDelegate.swift */ = {isa = PBXFileReference; lastKnownFileType = sourcecode.swift; path = SceneDelegate.swift; sourceTree = "<group>"; };
		5F04AA1F25699D7E00454B4F /* Base */ = {isa = PBXFileReference; lastKnownFileType = file.storyboard; name = Base; path = Base.lproj/Main.storyboard; sourceTree = "<group>"; };
		5F04AA2125699D7F00454B4F /* Assets.xcassets */ = {isa = PBXFileReference; lastKnownFileType = folder.assetcatalog; path = Assets.xcassets; sourceTree = "<group>"; };
		5F04AA2425699D7F00454B4F /* Base */ = {isa = PBXFileReference; lastKnownFileType = file.storyboard; name = Base; path = Base.lproj/LaunchScreen.storyboard; sourceTree = "<group>"; };
		5F04AA2625699D7F00454B4F /* Info.plist */ = {isa = PBXFileReference; lastKnownFileType = text.plist.xml; path = Info.plist; sourceTree = "<group>"; };
		5F04AA2B25699D7F00454B4F /* Tinder-HabitTests.xctest */ = {isa = PBXFileReference; explicitFileType = wrapper.cfbundle; includeInIndex = 0; path = "Tinder-HabitTests.xctest"; sourceTree = BUILT_PRODUCTS_DIR; };
		5F04AA2F25699D7F00454B4F /* Tinder_HabitTests.swift */ = {isa = PBXFileReference; lastKnownFileType = sourcecode.swift; path = Tinder_HabitTests.swift; sourceTree = "<group>"; };
		5F04AA3125699D7F00454B4F /* Info.plist */ = {isa = PBXFileReference; lastKnownFileType = text.plist.xml; path = Info.plist; sourceTree = "<group>"; };
		5F04AA3625699D7F00454B4F /* Tinder-HabitUITests.xctest */ = {isa = PBXFileReference; explicitFileType = wrapper.cfbundle; includeInIndex = 0; path = "Tinder-HabitUITests.xctest"; sourceTree = BUILT_PRODUCTS_DIR; };
		5F04AA3A25699D7F00454B4F /* Tinder_HabitUITests.swift */ = {isa = PBXFileReference; lastKnownFileType = sourcecode.swift; path = Tinder_HabitUITests.swift; sourceTree = "<group>"; };
		5F04AA3C25699D7F00454B4F /* Info.plist */ = {isa = PBXFileReference; lastKnownFileType = text.plist.xml; path = Info.plist; sourceTree = "<group>"; };
		5FA9240B257FB46F00E6799B /* UserModel.swift */ = {isa = PBXFileReference; lastKnownFileType = sourcecode.swift; path = UserModel.swift; sourceTree = "<group>"; };
		5FA9240D257FC19800E6799B /* UserHandler.swift */ = {isa = PBXFileReference; lastKnownFileType = sourcecode.swift; path = UserHandler.swift; sourceTree = "<group>"; };
		5FA9CDB92571633E00471174 /* LoginViewController.swift */ = {isa = PBXFileReference; lastKnownFileType = sourcecode.swift; path = LoginViewController.swift; sourceTree = "<group>"; };
		5FA9CDBB25716A4900471174 /* GoogleService-Info.plist */ = {isa = PBXFileReference; fileEncoding = 4; lastKnownFileType = text.plist.xml; path = "GoogleService-Info.plist"; sourceTree = "<group>"; };
		5FAC4E2C257BDA560034BE1E /* EditNewMeetingController.swift */ = {isa = PBXFileReference; lastKnownFileType = sourcecode.swift; path = EditNewMeetingController.swift; sourceTree = "<group>"; };
		9A07512D0ECD82F59F8C3DCE /* Pods-Tinder-Habit.release.xcconfig */ = {isa = PBXFileReference; includeInIndex = 1; lastKnownFileType = text.xcconfig; name = "Pods-Tinder-Habit.release.xcconfig"; path = "Target Support Files/Pods-Tinder-Habit/Pods-Tinder-Habit.release.xcconfig"; sourceTree = "<group>"; };
		B5AF27C820A158B4431B57D5 /* Pods_Tinder_HabitTests.framework */ = {isa = PBXFileReference; explicitFileType = wrapper.framework; includeInIndex = 0; path = Pods_Tinder_HabitTests.framework; sourceTree = BUILT_PRODUCTS_DIR; };
		E4602EB4C6EB5D47817E0C79 /* Pods-Tinder-Habit-Tinder-HabitUITests.debug.xcconfig */ = {isa = PBXFileReference; includeInIndex = 1; lastKnownFileType = text.xcconfig; name = "Pods-Tinder-Habit-Tinder-HabitUITests.debug.xcconfig"; path = "Target Support Files/Pods-Tinder-Habit-Tinder-HabitUITests/Pods-Tinder-Habit-Tinder-HabitUITests.debug.xcconfig"; sourceTree = "<group>"; };
		EB83AC75E367F1CF19D832B1 /* Pods-Tinder-HabitTests.debug.xcconfig */ = {isa = PBXFileReference; includeInIndex = 1; lastKnownFileType = text.xcconfig; name = "Pods-Tinder-HabitTests.debug.xcconfig"; path = "Target Support Files/Pods-Tinder-HabitTests/Pods-Tinder-HabitTests.debug.xcconfig"; sourceTree = "<group>"; };
		F0B09D95E274AF690A642FCE /* Pods-Tinder-Habit.debug.xcconfig */ = {isa = PBXFileReference; includeInIndex = 1; lastKnownFileType = text.xcconfig; name = "Pods-Tinder-Habit.debug.xcconfig"; path = "Target Support Files/Pods-Tinder-Habit/Pods-Tinder-Habit.debug.xcconfig"; sourceTree = "<group>"; };
/* End PBXFileReference section */

/* Begin PBXFrameworksBuildPhase section */
		5F04AA1225699D7E00454B4F /* Frameworks */ = {
			isa = PBXFrameworksBuildPhase;
			buildActionMask = 2147483647;
			files = (
				A0EFE36A67AA3B252AF42A90 /* Pods_Tinder_Habit.framework in Frameworks */,
			);
			runOnlyForDeploymentPostprocessing = 0;
		};
		5F04AA2825699D7F00454B4F /* Frameworks */ = {
			isa = PBXFrameworksBuildPhase;
			buildActionMask = 2147483647;
			files = (
				D54FFD8DA74922855FBBD22E /* Pods_Tinder_HabitTests.framework in Frameworks */,
			);
			runOnlyForDeploymentPostprocessing = 0;
		};
		5F04AA3325699D7F00454B4F /* Frameworks */ = {
			isa = PBXFrameworksBuildPhase;
			buildActionMask = 2147483647;
			files = (
				9C3AC79254A2DBD963C321F3 /* Pods_Tinder_Habit_Tinder_HabitUITests.framework in Frameworks */,
			);
			runOnlyForDeploymentPostprocessing = 0;
		};
/* End PBXFrameworksBuildPhase section */

/* Begin PBXGroup section */
		538DF7BBC9FEB5DBFA83F1A0 /* Frameworks */ = {
			isa = PBXGroup;
			children = (
				134BBF581ACB09C126195179 /* Pods_Tinder_Habit.framework */,
				09679A3552191D466F88D3D5 /* Pods_Tinder_Habit_Tinder_HabitUITests.framework */,
				B5AF27C820A158B4431B57D5 /* Pods_Tinder_HabitTests.framework */,
			);
			name = Frameworks;
			sourceTree = "<group>";
		};
		5F04AA0C25699D7E00454B4F = {
			isa = PBXGroup;
			children = (
				5F04AA1725699D7E00454B4F /* Tinder-Habit */,
				5F04AA2E25699D7F00454B4F /* Tinder-HabitTests */,
				5F04AA3925699D7F00454B4F /* Tinder-HabitUITests */,
				5F04AA1625699D7E00454B4F /* Products */,
				E52E0E244A1EE724260BB5BE /* Pods */,
				538DF7BBC9FEB5DBFA83F1A0 /* Frameworks */,
			);
			sourceTree = "<group>";
		};
		5F04AA1625699D7E00454B4F /* Products */ = {
			isa = PBXGroup;
			children = (
				5F04AA1525699D7E00454B4F /* Tinder-Habit.app */,
				5F04AA2B25699D7F00454B4F /* Tinder-HabitTests.xctest */,
				5F04AA3625699D7F00454B4F /* Tinder-HabitUITests.xctest */,
			);
			name = Products;
			sourceTree = "<group>";
		};
		5F04AA1725699D7E00454B4F /* Tinder-Habit */ = {
			isa = PBXGroup;
			children = (
				5FA9CDBB25716A4900471174 /* GoogleService-Info.plist */,
				5F04AA1825699D7E00454B4F /* AppDelegate.swift */,
				5F04AA1A25699D7E00454B4F /* SceneDelegate.swift */,
				5F04AA1E25699D7E00454B4F /* Main.storyboard */,
				5F04AA2125699D7F00454B4F /* Assets.xcassets */,
				5F04AA2325699D7F00454B4F /* LaunchScreen.storyboard */,
				5F04AA2625699D7F00454B4F /* Info.plist */,
				5FA9CDB92571633E00471174 /* LoginViewController.swift */,
				4B41B80F2582B1D700B27A10 /* DashboardViewController.swift */,
				4B41B8142582B24D00B27A10 /* MatchingViewController.swift */,
				5FAC4E2C257BDA560034BE1E /* EditNewMeetingController.swift */,
				4B41B87C2582B5FB00B27A10 /* FakeUserHandler.swift */,
				5FA9240B257FB46F00E6799B /* UserModel.swift */,
				5FA9240D257FC19800E6799B /* UserHandler.swift */,
			);
			path = "Tinder-Habit";
			sourceTree = "<group>";
		};
		5F04AA2E25699D7F00454B4F /* Tinder-HabitTests */ = {
			isa = PBXGroup;
			children = (
				5F04AA2F25699D7F00454B4F /* Tinder_HabitTests.swift */,
				5F04AA3125699D7F00454B4F /* Info.plist */,
			);
			path = "Tinder-HabitTests";
			sourceTree = "<group>";
		};
		5F04AA3925699D7F00454B4F /* Tinder-HabitUITests */ = {
			isa = PBXGroup;
			children = (
				5F04AA3A25699D7F00454B4F /* Tinder_HabitUITests.swift */,
				5F04AA3C25699D7F00454B4F /* Info.plist */,
			);
			path = "Tinder-HabitUITests";
			sourceTree = "<group>";
		};
		E52E0E244A1EE724260BB5BE /* Pods */ = {
			isa = PBXGroup;
			children = (
				F0B09D95E274AF690A642FCE /* Pods-Tinder-Habit.debug.xcconfig */,
				9A07512D0ECD82F59F8C3DCE /* Pods-Tinder-Habit.release.xcconfig */,
				E4602EB4C6EB5D47817E0C79 /* Pods-Tinder-Habit-Tinder-HabitUITests.debug.xcconfig */,
				1A9FC8F59F619D2C4F5D22F0 /* Pods-Tinder-Habit-Tinder-HabitUITests.release.xcconfig */,
				EB83AC75E367F1CF19D832B1 /* Pods-Tinder-HabitTests.debug.xcconfig */,
				474C60815298FF2E8C32EE7F /* Pods-Tinder-HabitTests.release.xcconfig */,
			);
			path = Pods;
			sourceTree = "<group>";
		};
/* End PBXGroup section */

/* Begin PBXNativeTarget section */
		5F04AA1425699D7E00454B4F /* Tinder-Habit */ = {
			isa = PBXNativeTarget;
			buildConfigurationList = 5F04AA3F25699D7F00454B4F /* Build configuration list for PBXNativeTarget "Tinder-Habit" */;
			buildPhases = (
				1804FD1BF29FE7B260472199 /* [CP] Check Pods Manifest.lock */,
				5F04AA1125699D7E00454B4F /* Sources */,
				5F04AA1225699D7E00454B4F /* Frameworks */,
				5F04AA1325699D7E00454B4F /* Resources */,
				A60484D07819B71CD532B9EE /* [CP] Embed Pods Frameworks */,
				D7BBD4B6757C18A00DB23568 /* [CP] Copy Pods Resources */,
			);
			buildRules = (
			);
			dependencies = (
			);
			name = "Tinder-Habit";
			productName = "Tinder-Habit";
			productReference = 5F04AA1525699D7E00454B4F /* Tinder-Habit.app */;
			productType = "com.apple.product-type.application";
		};
		5F04AA2A25699D7F00454B4F /* Tinder-HabitTests */ = {
			isa = PBXNativeTarget;
			buildConfigurationList = 5F04AA4225699D7F00454B4F /* Build configuration list for PBXNativeTarget "Tinder-HabitTests" */;
			buildPhases = (
				7C048BBF9510815B2DE3FA68 /* [CP] Check Pods Manifest.lock */,
				5F04AA2725699D7F00454B4F /* Sources */,
				5F04AA2825699D7F00454B4F /* Frameworks */,
				5F04AA2925699D7F00454B4F /* Resources */,
			);
			buildRules = (
			);
			dependencies = (
				5F04AA2D25699D7F00454B4F /* PBXTargetDependency */,
			);
			name = "Tinder-HabitTests";
			productName = "Tinder-HabitTests";
			productReference = 5F04AA2B25699D7F00454B4F /* Tinder-HabitTests.xctest */;
			productType = "com.apple.product-type.bundle.unit-test";
		};
		5F04AA3525699D7F00454B4F /* Tinder-HabitUITests */ = {
			isa = PBXNativeTarget;
			buildConfigurationList = 5F04AA4525699D7F00454B4F /* Build configuration list for PBXNativeTarget "Tinder-HabitUITests" */;
			buildPhases = (
				C34E704371839801D0FDBBF2 /* [CP] Check Pods Manifest.lock */,
				5F04AA3225699D7F00454B4F /* Sources */,
				5F04AA3325699D7F00454B4F /* Frameworks */,
				5F04AA3425699D7F00454B4F /* Resources */,
				0285084EE32ECF95DBDB1E00 /* [CP] Embed Pods Frameworks */,
				B6A08F0C173C56E03E715CCA /* [CP] Copy Pods Resources */,
			);
			buildRules = (
			);
			dependencies = (
				5F04AA3825699D7F00454B4F /* PBXTargetDependency */,
			);
			name = "Tinder-HabitUITests";
			productName = "Tinder-HabitUITests";
			productReference = 5F04AA3625699D7F00454B4F /* Tinder-HabitUITests.xctest */;
			productType = "com.apple.product-type.bundle.ui-testing";
		};
/* End PBXNativeTarget section */

/* Begin PBXProject section */
		5F04AA0D25699D7E00454B4F /* Project object */ = {
			isa = PBXProject;
			attributes = {
				LastSwiftUpdateCheck = 1160;
				LastUpgradeCheck = 1160;
				ORGANIZATIONNAME = "Trang Doan";
				TargetAttributes = {
					5F04AA1425699D7E00454B4F = {
						CreatedOnToolsVersion = 11.6;
					};
					5F04AA2A25699D7F00454B4F = {
						CreatedOnToolsVersion = 11.6;
						TestTargetID = 5F04AA1425699D7E00454B4F;
					};
					5F04AA3525699D7F00454B4F = {
						CreatedOnToolsVersion = 11.6;
						TestTargetID = 5F04AA1425699D7E00454B4F;
					};
				};
			};
			buildConfigurationList = 5F04AA1025699D7E00454B4F /* Build configuration list for PBXProject "Tinder-Habit" */;
			compatibilityVersion = "Xcode 9.3";
			developmentRegion = en;
			hasScannedForEncodings = 0;
			knownRegions = (
				en,
				Base,
			);
			mainGroup = 5F04AA0C25699D7E00454B4F;
			productRefGroup = 5F04AA1625699D7E00454B4F /* Products */;
			projectDirPath = "";
			projectRoot = "";
			targets = (
				5F04AA1425699D7E00454B4F /* Tinder-Habit */,
				5F04AA2A25699D7F00454B4F /* Tinder-HabitTests */,
				5F04AA3525699D7F00454B4F /* Tinder-HabitUITests */,
			);
		};
/* End PBXProject section */

/* Begin PBXResourcesBuildPhase section */
		5F04AA1325699D7E00454B4F /* Resources */ = {
			isa = PBXResourcesBuildPhase;
			buildActionMask = 2147483647;
			files = (
				5F04AA2525699D7F00454B4F /* LaunchScreen.storyboard in Resources */,
				5FA9CDBC25716A4900471174 /* GoogleService-Info.plist in Resources */,
				5F04AA2225699D7F00454B4F /* Assets.xcassets in Resources */,
				5F04AA2025699D7E00454B4F /* Main.storyboard in Resources */,
			);
			runOnlyForDeploymentPostprocessing = 0;
		};
		5F04AA2925699D7F00454B4F /* Resources */ = {
			isa = PBXResourcesBuildPhase;
			buildActionMask = 2147483647;
			files = (
			);
			runOnlyForDeploymentPostprocessing = 0;
		};
		5F04AA3425699D7F00454B4F /* Resources */ = {
			isa = PBXResourcesBuildPhase;
			buildActionMask = 2147483647;
			files = (
			);
			runOnlyForDeploymentPostprocessing = 0;
		};
/* End PBXResourcesBuildPhase section */

/* Begin PBXShellScriptBuildPhase section */
		0285084EE32ECF95DBDB1E00 /* [CP] Embed Pods Frameworks */ = {
			isa = PBXShellScriptBuildPhase;
			buildActionMask = 2147483647;
			files = (
			);
			inputFileListPaths = (
				"${PODS_ROOT}/Target Support Files/Pods-Tinder-Habit-Tinder-HabitUITests/Pods-Tinder-Habit-Tinder-HabitUITests-frameworks-${CONFIGURATION}-input-files.xcfilelist",
			);
			name = "[CP] Embed Pods Frameworks";
			outputFileListPaths = (
				"${PODS_ROOT}/Target Support Files/Pods-Tinder-Habit-Tinder-HabitUITests/Pods-Tinder-Habit-Tinder-HabitUITests-frameworks-${CONFIGURATION}-output-files.xcfilelist",
			);
			runOnlyForDeploymentPostprocessing = 0;
			shellPath = /bin/sh;
			shellScript = "\"${PODS_ROOT}/Target Support Files/Pods-Tinder-Habit-Tinder-HabitUITests/Pods-Tinder-Habit-Tinder-HabitUITests-frameworks.sh\"\n";
			showEnvVarsInLog = 0;
		};
		1804FD1BF29FE7B260472199 /* [CP] Check Pods Manifest.lock */ = {
			isa = PBXShellScriptBuildPhase;
			buildActionMask = 2147483647;
			files = (
			);
			inputFileListPaths = (
			);
			inputPaths = (
				"${PODS_PODFILE_DIR_PATH}/Podfile.lock",
				"${PODS_ROOT}/Manifest.lock",
			);
			name = "[CP] Check Pods Manifest.lock";
			outputFileListPaths = (
			);
			outputPaths = (
				"$(DERIVED_FILE_DIR)/Pods-Tinder-Habit-checkManifestLockResult.txt",
			);
			runOnlyForDeploymentPostprocessing = 0;
			shellPath = /bin/sh;
			shellScript = "diff \"${PODS_PODFILE_DIR_PATH}/Podfile.lock\" \"${PODS_ROOT}/Manifest.lock\" > /dev/null\nif [ $? != 0 ] ; then\n    # print error to STDERR\n    echo \"error: The sandbox is not in sync with the Podfile.lock. Run 'pod install' or update your CocoaPods installation.\" >&2\n    exit 1\nfi\n# This output is used by Xcode 'outputs' to avoid re-running this script phase.\necho \"SUCCESS\" > \"${SCRIPT_OUTPUT_FILE_0}\"\n";
			showEnvVarsInLog = 0;
		};
		7C048BBF9510815B2DE3FA68 /* [CP] Check Pods Manifest.lock */ = {
			isa = PBXShellScriptBuildPhase;
			buildActionMask = 2147483647;
			files = (
			);
			inputFileListPaths = (
			);
			inputPaths = (
				"${PODS_PODFILE_DIR_PATH}/Podfile.lock",
				"${PODS_ROOT}/Manifest.lock",
			);
			name = "[CP] Check Pods Manifest.lock";
			outputFileListPaths = (
			);
			outputPaths = (
				"$(DERIVED_FILE_DIR)/Pods-Tinder-HabitTests-checkManifestLockResult.txt",
			);
			runOnlyForDeploymentPostprocessing = 0;
			shellPath = /bin/sh;
			shellScript = "diff \"${PODS_PODFILE_DIR_PATH}/Podfile.lock\" \"${PODS_ROOT}/Manifest.lock\" > /dev/null\nif [ $? != 0 ] ; then\n    # print error to STDERR\n    echo \"error: The sandbox is not in sync with the Podfile.lock. Run 'pod install' or update your CocoaPods installation.\" >&2\n    exit 1\nfi\n# This output is used by Xcode 'outputs' to avoid re-running this script phase.\necho \"SUCCESS\" > \"${SCRIPT_OUTPUT_FILE_0}\"\n";
			showEnvVarsInLog = 0;
		};
		A60484D07819B71CD532B9EE /* [CP] Embed Pods Frameworks */ = {
			isa = PBXShellScriptBuildPhase;
			buildActionMask = 2147483647;
			files = (
			);
			inputFileListPaths = (
				"${PODS_ROOT}/Target Support Files/Pods-Tinder-Habit/Pods-Tinder-Habit-frameworks-${CONFIGURATION}-input-files.xcfilelist",
			);
			name = "[CP] Embed Pods Frameworks";
			outputFileListPaths = (
				"${PODS_ROOT}/Target Support Files/Pods-Tinder-Habit/Pods-Tinder-Habit-frameworks-${CONFIGURATION}-output-files.xcfilelist",
			);
			runOnlyForDeploymentPostprocessing = 0;
			shellPath = /bin/sh;
			shellScript = "\"${PODS_ROOT}/Target Support Files/Pods-Tinder-Habit/Pods-Tinder-Habit-frameworks.sh\"\n";
			showEnvVarsInLog = 0;
		};
		B6A08F0C173C56E03E715CCA /* [CP] Copy Pods Resources */ = {
			isa = PBXShellScriptBuildPhase;
			buildActionMask = 2147483647;
			files = (
			);
			inputFileListPaths = (
				"${PODS_ROOT}/Target Support Files/Pods-Tinder-Habit-Tinder-HabitUITests/Pods-Tinder-Habit-Tinder-HabitUITests-resources-${CONFIGURATION}-input-files.xcfilelist",
			);
			name = "[CP] Copy Pods Resources";
			outputFileListPaths = (
				"${PODS_ROOT}/Target Support Files/Pods-Tinder-Habit-Tinder-HabitUITests/Pods-Tinder-Habit-Tinder-HabitUITests-resources-${CONFIGURATION}-output-files.xcfilelist",
			);
			runOnlyForDeploymentPostprocessing = 0;
			shellPath = /bin/sh;
			shellScript = "\"${PODS_ROOT}/Target Support Files/Pods-Tinder-Habit-Tinder-HabitUITests/Pods-Tinder-Habit-Tinder-HabitUITests-resources.sh\"\n";
			showEnvVarsInLog = 0;
		};
		C34E704371839801D0FDBBF2 /* [CP] Check Pods Manifest.lock */ = {
			isa = PBXShellScriptBuildPhase;
			buildActionMask = 2147483647;
			files = (
			);
			inputFileListPaths = (
			);
			inputPaths = (
				"${PODS_PODFILE_DIR_PATH}/Podfile.lock",
				"${PODS_ROOT}/Manifest.lock",
			);
			name = "[CP] Check Pods Manifest.lock";
			outputFileListPaths = (
			);
			outputPaths = (
				"$(DERIVED_FILE_DIR)/Pods-Tinder-Habit-Tinder-HabitUITests-checkManifestLockResult.txt",
			);
			runOnlyForDeploymentPostprocessing = 0;
			shellPath = /bin/sh;
			shellScript = "diff \"${PODS_PODFILE_DIR_PATH}/Podfile.lock\" \"${PODS_ROOT}/Manifest.lock\" > /dev/null\nif [ $? != 0 ] ; then\n    # print error to STDERR\n    echo \"error: The sandbox is not in sync with the Podfile.lock. Run 'pod install' or update your CocoaPods installation.\" >&2\n    exit 1\nfi\n# This output is used by Xcode 'outputs' to avoid re-running this script phase.\necho \"SUCCESS\" > \"${SCRIPT_OUTPUT_FILE_0}\"\n";
			showEnvVarsInLog = 0;
		};
		D7BBD4B6757C18A00DB23568 /* [CP] Copy Pods Resources */ = {
			isa = PBXShellScriptBuildPhase;
			buildActionMask = 2147483647;
			files = (
			);
			inputFileListPaths = (
				"${PODS_ROOT}/Target Support Files/Pods-Tinder-Habit/Pods-Tinder-Habit-resources-${CONFIGURATION}-input-files.xcfilelist",
			);
			name = "[CP] Copy Pods Resources";
			outputFileListPaths = (
				"${PODS_ROOT}/Target Support Files/Pods-Tinder-Habit/Pods-Tinder-Habit-resources-${CONFIGURATION}-output-files.xcfilelist",
			);
			runOnlyForDeploymentPostprocessing = 0;
			shellPath = /bin/sh;
			shellScript = "\"${PODS_ROOT}/Target Support Files/Pods-Tinder-Habit/Pods-Tinder-Habit-resources.sh\"\n";
			showEnvVarsInLog = 0;
		};
/* End PBXShellScriptBuildPhase section */

/* Begin PBXSourcesBuildPhase section */
		5F04AA1125699D7E00454B4F /* Sources */ = {
			isa = PBXSourcesBuildPhase;
			buildActionMask = 2147483647;
			files = (
				5FA9CDBA2571633E00471174 /* LoginViewController.swift in Sources */,
				5F04AA1925699D7E00454B4F /* AppDelegate.swift in Sources */,
				5FA9240E257FC19800E6799B /* UserHandler.swift in Sources */,
				4B41B8152582B24D00B27A10 /* MatchingViewController.swift in Sources */,
				5F04AA1B25699D7E00454B4F /* SceneDelegate.swift in Sources */,
				5FA9240C257FB46F00E6799B /* UserModel.swift in Sources */,
				5FAC4E2D257BDA560034BE1E /* EditNewMeetingController.swift in Sources */,
				4B41B87D2582B5FB00B27A10 /* FakeUserHandler.swift in Sources */,
				4B41B8102582B1D700B27A10 /* DashboardViewController.swift in Sources */,
			);
			runOnlyForDeploymentPostprocessing = 0;
		};
		5F04AA2725699D7F00454B4F /* Sources */ = {
			isa = PBXSourcesBuildPhase;
			buildActionMask = 2147483647;
			files = (
				5F04AA3025699D7F00454B4F /* Tinder_HabitTests.swift in Sources */,
			);
			runOnlyForDeploymentPostprocessing = 0;
		};
		5F04AA3225699D7F00454B4F /* Sources */ = {
			isa = PBXSourcesBuildPhase;
			buildActionMask = 2147483647;
			files = (
				5F04AA3B25699D7F00454B4F /* Tinder_HabitUITests.swift in Sources */,
			);
			runOnlyForDeploymentPostprocessing = 0;
		};
/* End PBXSourcesBuildPhase section */

/* Begin PBXTargetDependency section */
		5F04AA2D25699D7F00454B4F /* PBXTargetDependency */ = {
			isa = PBXTargetDependency;
			target = 5F04AA1425699D7E00454B4F /* Tinder-Habit */;
			targetProxy = 5F04AA2C25699D7F00454B4F /* PBXContainerItemProxy */;
		};
		5F04AA3825699D7F00454B4F /* PBXTargetDependency */ = {
			isa = PBXTargetDependency;
			target = 5F04AA1425699D7E00454B4F /* Tinder-Habit */;
			targetProxy = 5F04AA3725699D7F00454B4F /* PBXContainerItemProxy */;
		};
/* End PBXTargetDependency section */

/* Begin PBXVariantGroup section */
		5F04AA1E25699D7E00454B4F /* Main.storyboard */ = {
			isa = PBXVariantGroup;
			children = (
				5F04AA1F25699D7E00454B4F /* Base */,
			);
			name = Main.storyboard;
			sourceTree = "<group>";
		};
		5F04AA2325699D7F00454B4F /* LaunchScreen.storyboard */ = {
			isa = PBXVariantGroup;
			children = (
				5F04AA2425699D7F00454B4F /* Base */,
			);
			name = LaunchScreen.storyboard;
			sourceTree = "<group>";
		};
/* End PBXVariantGroup section */

/* Begin XCBuildConfiguration section */
		5F04AA3D25699D7F00454B4F /* Debug */ = {
			isa = XCBuildConfiguration;
			buildSettings = {
				ALWAYS_SEARCH_USER_PATHS = NO;
				CLANG_ANALYZER_NONNULL = YES;
				CLANG_ANALYZER_NUMBER_OBJECT_CONVERSION = YES_AGGRESSIVE;
				CLANG_CXX_LANGUAGE_STANDARD = "gnu++14";
				CLANG_CXX_LIBRARY = "libc++";
				CLANG_ENABLE_MODULES = YES;
				CLANG_ENABLE_OBJC_ARC = YES;
				CLANG_ENABLE_OBJC_WEAK = YES;
				CLANG_WARN_BLOCK_CAPTURE_AUTORELEASING = YES;
				CLANG_WARN_BOOL_CONVERSION = YES;
				CLANG_WARN_COMMA = YES;
				CLANG_WARN_CONSTANT_CONVERSION = YES;
				CLANG_WARN_DEPRECATED_OBJC_IMPLEMENTATIONS = YES;
				CLANG_WARN_DIRECT_OBJC_ISA_USAGE = YES_ERROR;
				CLANG_WARN_DOCUMENTATION_COMMENTS = YES;
				CLANG_WARN_EMPTY_BODY = YES;
				CLANG_WARN_ENUM_CONVERSION = YES;
				CLANG_WARN_INFINITE_RECURSION = YES;
				CLANG_WARN_INT_CONVERSION = YES;
				CLANG_WARN_NON_LITERAL_NULL_CONVERSION = YES;
				CLANG_WARN_OBJC_IMPLICIT_RETAIN_SELF = YES;
				CLANG_WARN_OBJC_LITERAL_CONVERSION = YES;
				CLANG_WARN_OBJC_ROOT_CLASS = YES_ERROR;
				CLANG_WARN_RANGE_LOOP_ANALYSIS = YES;
				CLANG_WARN_STRICT_PROTOTYPES = YES;
				CLANG_WARN_SUSPICIOUS_MOVE = YES;
				CLANG_WARN_UNGUARDED_AVAILABILITY = YES_AGGRESSIVE;
				CLANG_WARN_UNREACHABLE_CODE = YES;
				CLANG_WARN__DUPLICATE_METHOD_MATCH = YES;
				COPY_PHASE_STRIP = NO;
				DEBUG_INFORMATION_FORMAT = dwarf;
				ENABLE_STRICT_OBJC_MSGSEND = YES;
				ENABLE_TESTABILITY = YES;
				GCC_C_LANGUAGE_STANDARD = gnu11;
				GCC_DYNAMIC_NO_PIC = NO;
				GCC_NO_COMMON_BLOCKS = YES;
				GCC_OPTIMIZATION_LEVEL = 0;
				GCC_PREPROCESSOR_DEFINITIONS = (
					"DEBUG=1",
					"$(inherited)",
				);
				GCC_WARN_64_TO_32_BIT_CONVERSION = YES;
				GCC_WARN_ABOUT_RETURN_TYPE = YES_ERROR;
				GCC_WARN_UNDECLARED_SELECTOR = YES;
				GCC_WARN_UNINITIALIZED_AUTOS = YES_AGGRESSIVE;
				GCC_WARN_UNUSED_FUNCTION = YES;
				GCC_WARN_UNUSED_VARIABLE = YES;
				IPHONEOS_DEPLOYMENT_TARGET = 13.6;
				MTL_ENABLE_DEBUG_INFO = INCLUDE_SOURCE;
				MTL_FAST_MATH = YES;
				ONLY_ACTIVE_ARCH = YES;
				SDKROOT = iphoneos;
				SWIFT_ACTIVE_COMPILATION_CONDITIONS = DEBUG;
				SWIFT_OPTIMIZATION_LEVEL = "-Onone";
			};
			name = Debug;
		};
		5F04AA3E25699D7F00454B4F /* Release */ = {
			isa = XCBuildConfiguration;
			buildSettings = {
				ALWAYS_SEARCH_USER_PATHS = NO;
				CLANG_ANALYZER_NONNULL = YES;
				CLANG_ANALYZER_NUMBER_OBJECT_CONVERSION = YES_AGGRESSIVE;
				CLANG_CXX_LANGUAGE_STANDARD = "gnu++14";
				CLANG_CXX_LIBRARY = "libc++";
				CLANG_ENABLE_MODULES = YES;
				CLANG_ENABLE_OBJC_ARC = YES;
				CLANG_ENABLE_OBJC_WEAK = YES;
				CLANG_WARN_BLOCK_CAPTURE_AUTORELEASING = YES;
				CLANG_WARN_BOOL_CONVERSION = YES;
				CLANG_WARN_COMMA = YES;
				CLANG_WARN_CONSTANT_CONVERSION = YES;
				CLANG_WARN_DEPRECATED_OBJC_IMPLEMENTATIONS = YES;
				CLANG_WARN_DIRECT_OBJC_ISA_USAGE = YES_ERROR;
				CLANG_WARN_DOCUMENTATION_COMMENTS = YES;
				CLANG_WARN_EMPTY_BODY = YES;
				CLANG_WARN_ENUM_CONVERSION = YES;
				CLANG_WARN_INFINITE_RECURSION = YES;
				CLANG_WARN_INT_CONVERSION = YES;
				CLANG_WARN_NON_LITERAL_NULL_CONVERSION = YES;
				CLANG_WARN_OBJC_IMPLICIT_RETAIN_SELF = YES;
				CLANG_WARN_OBJC_LITERAL_CONVERSION = YES;
				CLANG_WARN_OBJC_ROOT_CLASS = YES_ERROR;
				CLANG_WARN_RANGE_LOOP_ANALYSIS = YES;
				CLANG_WARN_STRICT_PROTOTYPES = YES;
				CLANG_WARN_SUSPICIOUS_MOVE = YES;
				CLANG_WARN_UNGUARDED_AVAILABILITY = YES_AGGRESSIVE;
				CLANG_WARN_UNREACHABLE_CODE = YES;
				CLANG_WARN__DUPLICATE_METHOD_MATCH = YES;
				COPY_PHASE_STRIP = NO;
				DEBUG_INFORMATION_FORMAT = "dwarf-with-dsym";
				ENABLE_NS_ASSERTIONS = NO;
				ENABLE_STRICT_OBJC_MSGSEND = YES;
				GCC_C_LANGUAGE_STANDARD = gnu11;
				GCC_NO_COMMON_BLOCKS = YES;
				GCC_WARN_64_TO_32_BIT_CONVERSION = YES;
				GCC_WARN_ABOUT_RETURN_TYPE = YES_ERROR;
				GCC_WARN_UNDECLARED_SELECTOR = YES;
				GCC_WARN_UNINITIALIZED_AUTOS = YES_AGGRESSIVE;
				GCC_WARN_UNUSED_FUNCTION = YES;
				GCC_WARN_UNUSED_VARIABLE = YES;
				IPHONEOS_DEPLOYMENT_TARGET = 13.6;
				MTL_ENABLE_DEBUG_INFO = NO;
				MTL_FAST_MATH = YES;
				SDKROOT = iphoneos;
				SWIFT_COMPILATION_MODE = wholemodule;
				SWIFT_OPTIMIZATION_LEVEL = "-O";
				VALIDATE_PRODUCT = YES;
			};
			name = Release;
		};
		5F04AA4025699D7F00454B4F /* Debug */ = {
			isa = XCBuildConfiguration;
			baseConfigurationReference = F0B09D95E274AF690A642FCE /* Pods-Tinder-Habit.debug.xcconfig */;
			buildSettings = {
				ASSETCATALOG_COMPILER_APPICON_NAME = AppIcon;
				CODE_SIGN_STYLE = Automatic;
				INFOPLIST_FILE = "Tinder-Habit/Info.plist";
				LD_RUNPATH_SEARCH_PATHS = (
					"$(inherited)",
					"@executable_path/Frameworks",
				);
				PRODUCT_BUNDLE_IDENTIFIER = "com.codepath.Tinder-Habit";
				PRODUCT_NAME = "$(TARGET_NAME)";
				SWIFT_VERSION = 5.0;
				TARGETED_DEVICE_FAMILY = "1,2";
			};
			name = Debug;
		};
		5F04AA4125699D7F00454B4F /* Release */ = {
			isa = XCBuildConfiguration;
			baseConfigurationReference = 9A07512D0ECD82F59F8C3DCE /* Pods-Tinder-Habit.release.xcconfig */;
			buildSettings = {
				ASSETCATALOG_COMPILER_APPICON_NAME = AppIcon;
				CODE_SIGN_STYLE = Automatic;
				INFOPLIST_FILE = "Tinder-Habit/Info.plist";
				LD_RUNPATH_SEARCH_PATHS = (
					"$(inherited)",
					"@executable_path/Frameworks",
				);
				PRODUCT_BUNDLE_IDENTIFIER = "com.codepath.Tinder-Habit";
				PRODUCT_NAME = "$(TARGET_NAME)";
				SWIFT_VERSION = 5.0;
				TARGETED_DEVICE_FAMILY = "1,2";
			};
			name = Release;
		};
		5F04AA4325699D7F00454B4F /* Debug */ = {
			isa = XCBuildConfiguration;
			baseConfigurationReference = EB83AC75E367F1CF19D832B1 /* Pods-Tinder-HabitTests.debug.xcconfig */;
			buildSettings = {
				ALWAYS_EMBED_SWIFT_STANDARD_LIBRARIES = YES;
				BUNDLE_LOADER = "$(TEST_HOST)";
				CODE_SIGN_STYLE = Automatic;
				INFOPLIST_FILE = "Tinder-HabitTests/Info.plist";
				IPHONEOS_DEPLOYMENT_TARGET = 13.6;
				LD_RUNPATH_SEARCH_PATHS = (
					"$(inherited)",
					"@executable_path/Frameworks",
					"@loader_path/Frameworks",
				);
				PRODUCT_BUNDLE_IDENTIFIER = "com.codepath.Tinder-HabitTests";
				PRODUCT_NAME = "$(TARGET_NAME)";
				SWIFT_VERSION = 5.0;
				TARGETED_DEVICE_FAMILY = "1,2";
				TEST_HOST = "$(BUILT_PRODUCTS_DIR)/Tinder-Habit.app/Tinder-Habit";
			};
			name = Debug;
		};
		5F04AA4425699D7F00454B4F /* Release */ = {
			isa = XCBuildConfiguration;
			baseConfigurationReference = 474C60815298FF2E8C32EE7F /* Pods-Tinder-HabitTests.release.xcconfig */;
			buildSettings = {
				ALWAYS_EMBED_SWIFT_STANDARD_LIBRARIES = YES;
				BUNDLE_LOADER = "$(TEST_HOST)";
				CODE_SIGN_STYLE = Automatic;
				INFOPLIST_FILE = "Tinder-HabitTests/Info.plist";
				IPHONEOS_DEPLOYMENT_TARGET = 13.6;
				LD_RUNPATH_SEARCH_PATHS = (
					"$(inherited)",
					"@executable_path/Frameworks",
					"@loader_path/Frameworks",
				);
				PRODUCT_BUNDLE_IDENTIFIER = "com.codepath.Tinder-HabitTests";
				PRODUCT_NAME = "$(TARGET_NAME)";
				SWIFT_VERSION = 5.0;
				TARGETED_DEVICE_FAMILY = "1,2";
				TEST_HOST = "$(BUILT_PRODUCTS_DIR)/Tinder-Habit.app/Tinder-Habit";
			};
			name = Release;
		};
		5F04AA4625699D7F00454B4F /* Debug */ = {
			isa = XCBuildConfiguration;
			baseConfigurationReference = E4602EB4C6EB5D47817E0C79 /* Pods-Tinder-Habit-Tinder-HabitUITests.debug.xcconfig */;
			buildSettings = {
				ALWAYS_EMBED_SWIFT_STANDARD_LIBRARIES = YES;
				CODE_SIGN_STYLE = Automatic;
				INFOPLIST_FILE = "Tinder-HabitUITests/Info.plist";
				LD_RUNPATH_SEARCH_PATHS = (
					"$(inherited)",
					"@executable_path/Frameworks",
					"@loader_path/Frameworks",
				);
				PRODUCT_BUNDLE_IDENTIFIER = "com.codepath.Tinder-HabitUITests";
				PRODUCT_NAME = "$(TARGET_NAME)";
				SWIFT_VERSION = 5.0;
				TARGETED_DEVICE_FAMILY = "1,2";
				TEST_TARGET_NAME = "Tinder-Habit";
			};
			name = Debug;
		};
		5F04AA4725699D7F00454B4F /* Release */ = {
			isa = XCBuildConfiguration;
			baseConfigurationReference = 1A9FC8F59F619D2C4F5D22F0 /* Pods-Tinder-Habit-Tinder-HabitUITests.release.xcconfig */;
			buildSettings = {
				ALWAYS_EMBED_SWIFT_STANDARD_LIBRARIES = YES;
				CODE_SIGN_STYLE = Automatic;
				INFOPLIST_FILE = "Tinder-HabitUITests/Info.plist";
				LD_RUNPATH_SEARCH_PATHS = (
					"$(inherited)",
					"@executable_path/Frameworks",
					"@loader_path/Frameworks",
				);
				PRODUCT_BUNDLE_IDENTIFIER = "com.codepath.Tinder-HabitUITests";
				PRODUCT_NAME = "$(TARGET_NAME)";
				SWIFT_VERSION = 5.0;
				TARGETED_DEVICE_FAMILY = "1,2";
				TEST_TARGET_NAME = "Tinder-Habit";
			};
			name = Release;
		};
/* End XCBuildConfiguration section */

/* Begin XCConfigurationList section */
		5F04AA1025699D7E00454B4F /* Build configuration list for PBXProject "Tinder-Habit" */ = {
			isa = XCConfigurationList;
			buildConfigurations = (
				5F04AA3D25699D7F00454B4F /* Debug */,
				5F04AA3E25699D7F00454B4F /* Release */,
			);
			defaultConfigurationIsVisible = 0;
			defaultConfigurationName = Release;
		};
		5F04AA3F25699D7F00454B4F /* Build configuration list for PBXNativeTarget "Tinder-Habit" */ = {
			isa = XCConfigurationList;
			buildConfigurations = (
				5F04AA4025699D7F00454B4F /* Debug */,
				5F04AA4125699D7F00454B4F /* Release */,
			);
			defaultConfigurationIsVisible = 0;
			defaultConfigurationName = Release;
		};
		5F04AA4225699D7F00454B4F /* Build configuration list for PBXNativeTarget "Tinder-HabitTests" */ = {
			isa = XCConfigurationList;
			buildConfigurations = (
				5F04AA4325699D7F00454B4F /* Debug */,
				5F04AA4425699D7F00454B4F /* Release */,
			);
			defaultConfigurationIsVisible = 0;
			defaultConfigurationName = Release;
		};
		5F04AA4525699D7F00454B4F /* Build configuration list for PBXNativeTarget "Tinder-HabitUITests" */ = {
			isa = XCConfigurationList;
			buildConfigurations = (
				5F04AA4625699D7F00454B4F /* Debug */,
				5F04AA4725699D7F00454B4F /* Release */,
			);
			defaultConfigurationIsVisible = 0;
			defaultConfigurationName = Release;
		};
/* End XCConfigurationList section */
	};
	rootObject = 5F04AA0D25699D7E00454B4F /* Project object */;
}
